
Microsoft Visual Studio Solution File, Format Version 12.00
# Visual Studio Version 17
VisualStudioVersion = 17.7.34024.191
MinimumVisualStudioVersion = 10.0.40219.1
Project("{8BC9CEB8-8B4A-11D0-8D11-00A0C91BC942}") = "FirstConsoleApplication", "FirstConsoleApplication\FirstConsoleApplication.vcxproj", "{BCAF686B-FBF2-4760-8368-0567DC921AB8}"
EndProject
Project("{8BC9CEB8-8B4A-11D0-8D11-00A0C91BC942}") = "VariableConsoleApplication", "VariableConsoleApplication\VariableConsoleApplication.vcxproj", "{23239D39-1E07-4DB2-8FF2-E572740AC57C}"
EndProject
Project("{2150E333-8FDC-42A3-9474-1A3956D46DE8}") = "01 podst", "01 podst", "{CB7E1B3D-E538-4CB3-B406-760D702F1072}"
EndProject
Project("{2150E333-8FDC-42A3-9474-1A3956D46DE8}") = "02 instrukcje decyzyjne", "02 instrukcje decyzyjne", "{68543FF1-D100-4D0E-9540-42CD69F84F09}"
EndProject
Project("{8BC9CEB8-8B4A-11D0-8D11-00A0C91BC942}") = "InstrucionIfConsoleApp", "InstrucionIfConsoleApp\InstrucionIfConsoleApp.vcxproj", "{5795C688-654B-46BE-BAD3-A3F0DB1874EF}"
EndProject
Project("{8BC9CEB8-8B4A-11D0-8D11-00A0C91BC942}") = "LoopDoWhileConsoleApplication", "LoopConsoleApplication\LoopConsoleApplication.vcxproj", "{5FE86DC1-3EE2-4AD1-AA30-917563CA1251}"
EndProject
Project("{8BC9CEB8-8B4A-11D0-8D11-00A0C91BC942}") = "LoopWhileConsoleApplication", "LoopWhileConsoleApplication\LoopWhileConsoleApplication.vcxproj", "{E08820F5-5636-4BD9-9675-55087361CF68}"
EndProject
Project("{8BC9CEB8-8B4A-11D0-8D11-00A0C91BC942}") = "LoopForConsoleApplication", "LoopForConsoleApplication\LoopForConsoleApplication.vcxproj", "{473EE934-5A77-4FAD-920E-9362B7077BB7}"
EndProject
Project("{2150E333-8FDC-42A3-9474-1A3956D46DE8}") = "03 kolekcje", "03 kolekcje", "{337C5862-B890-47F7-8C7A-9B82E4C4118C}"
EndProject
Project("{8BC9CEB8-8B4A-11D0-8D11-00A0C91BC942}") = "CharacteresConsoleApplication1", "CharacteresConsoleApplication1\CharacteresConsoleApplication1.vcxproj", "{D2408C89-1204-4C7A-AB80-9F80463B7D5D}"
EndProject
Project("{8BC9CEB8-8B4A-11D0-8D11-00A0C91BC942}") = "ArrayConsoleApplication", "ArrayConsoleApplication\ArrayConsoleApplication.vcxproj", "{70F4FB5C-7565-437A-9291-916ACAE5C1F5}"
EndProject
Project("{2150E333-8FDC-42A3-9474-1A3956D46DE8}") = "04 Funkcje", "04 Funkcje", "{8670A4AD-3460-4E0B-A5C2-6BD9FBE6A6C2}"
EndProject
Project("{8BC9CEB8-8B4A-11D0-8D11-00A0C91BC942}") = "FunctionConsoleApplication", "FunctionConsoleApplication\FunctionConsoleApplication.vcxproj", "{A64188D3-E72E-4997-8BDB-A4BCA421CB65}"
EndProject
Project("{2150E333-8FDC-42A3-9474-1A3956D46DE8}") = "05 Wskaźniki", "05 Wskaźniki", "{A9A7CB45-34C8-40A0-9D9B-13AAFEA92F00}"
EndProject
Project("{8BC9CEB8-8B4A-11D0-8D11-00A0C91BC942}") = "PointersConsoleApplication.cpp", "PointersConsoleApplication.cpp\PointersConsoleApplication.cpp.vcxproj", "{74273EDD-F74B-4D1E-B7DA-8AAA7EAC34A4}"
EndProject
Project("{2150E333-8FDC-42A3-9474-1A3956D46DE8}") = "06 zadania", "06 zadania", "{7DB6C772-728E-41A0-8F97-116DECD08154}"
EndProject
Project("{8BC9CEB8-8B4A-11D0-8D11-00A0C91BC942}") = "TasksConsoleApplication", "TasksConsoleApplication\TasksConsoleApplication.vcxproj", "{D9EE5204-3F2A-4D34-9486-021B136B2912}"
EndProject
Project("{8BC9CEB8-8B4A-11D0-8D11-00A0C91BC942}") = "SnakeConsoleApplication", "SnakeConsoleApplication\SnakeConsoleApplication.vcxproj", "{D77430FC-E879-4CFD-9817-E9911834A2D6}"
EndProject
Project("{8BC9CEB8-8B4A-11D0-8D11-00A0C91BC942}") = "SkyConsoleApplication", "TaskConsoleApplication\TaskConsoleApplication.vcxproj", "{286269FB-0A19-4537-B16F-DD441414A0A3}"
EndProject
Project("{8BC9CEB8-8B4A-11D0-8D11-00A0C91BC942}") = "SquareConsoleApplication", "SquareConsoleApplication\SquareConsoleApplication.vcxproj", "{D04E4A76-4789-4C32-82CE-AE8496CB6E59}"
EndProject
Project("{8BC9CEB8-8B4A-11D0-8D11-00A0C91BC942}") = "StopwatchConsoleApplication", "StopwatchConsoleApplication\StopwatchConsoleApplication.vcxproj", "{20C13E6E-9F53-4811-A933-51497888FF97}"
EndProject
Project("{2150E333-8FDC-42A3-9474-1A3956D46DE8}") = "Strukturalne", "Strukturalne", "{89906F41-F36F-4200-A44B-31D6C19F9E5F}"
EndProject
Project("{2150E333-8FDC-42A3-9474-1A3956D46DE8}") = "Obiektowe", "Obiektowe", "{F4893803-06C5-4D7C-A336-1FEA7A29FB63}"
EndProject
Project("{8BC9CEB8-8B4A-11D0-8D11-00A0C91BC942}") = "FirstStructConsoleApplication", "FirstStructConsoleApplication\FirstStructConsoleApplication.vcxproj", "{A2BD662B-C259-49B2-811F-50C92D8465DD}"
EndProject
Project("{2150E333-8FDC-42A3-9474-1A3956D46DE8}") = "01 Struktury", "01 Struktury", "{8162C272-5E03-4E7D-BBA1-CF5F2B557655}"
EndProject
Project("{2150E333-8FDC-42A3-9474-1A3956D46DE8}") = "Podstawy obiektowe", "Podstawy obiektowe", "{E2CD83B9-83A2-4C86-A481-3D6C3E233E9B}"
EndProject
Project("{8BC9CEB8-8B4A-11D0-8D11-00A0C91BC942}") = "FirstObjectConsoleApplication", "FirstObjectConsoleApplication\FirstObjectConsoleApplication.vcxproj", "{29126356-F0EC-49D5-8D4A-36C9CCA24890}"
EndProject
Project("{8BC9CEB8-8B4A-11D0-8D11-00A0C91BC942}") = "ReadAndWriteFilesConsoleApplication", "ReadAndWriteFilesConsoleApplication\ReadAndWriteFilesConsoleApplication.vcxproj", "{EECFCC35-088F-4367-A3CE-7C17E6940EA7}"
EndProject
Project("{8BC9CEB8-8B4A-11D0-8D11-00A0C91BC942}") = "StringConsoleApplication", "StringConsoleApplication\StringConsoleApplication.vcxproj", "{8E552560-9C00-4583-86BB-D4191A31BBB2}"
EndProject
Global
	GlobalSection(SolutionConfigurationPlatforms) = preSolution
		Debug|x64 = Debug|x64
		Debug|x86 = Debug|x86
		Release|x64 = Release|x64
		Release|x86 = Release|x86
	EndGlobalSection
	GlobalSection(ProjectConfigurationPlatforms) = postSolution
		{BCAF686B-FBF2-4760-8368-0567DC921AB8}.Debug|x64.ActiveCfg = Debug|x64
		{BCAF686B-FBF2-4760-8368-0567DC921AB8}.Debug|x64.Build.0 = Debug|x64
		{BCAF686B-FBF2-4760-8368-0567DC921AB8}.Debug|x86.ActiveCfg = Debug|Win32
		{BCAF686B-FBF2-4760-8368-0567DC921AB8}.Debug|x86.Build.0 = Debug|Win32
		{BCAF686B-FBF2-4760-8368-0567DC921AB8}.Release|x64.ActiveCfg = Release|x64
		{BCAF686B-FBF2-4760-8368-0567DC921AB8}.Release|x64.Build.0 = Release|x64
		{BCAF686B-FBF2-4760-8368-0567DC921AB8}.Release|x86.ActiveCfg = Release|Win32
		{BCAF686B-FBF2-4760-8368-0567DC921AB8}.Release|x86.Build.0 = Release|Win32
		{23239D39-1E07-4DB2-8FF2-E572740AC57C}.Debug|x64.ActiveCfg = Debug|x64
		{23239D39-1E07-4DB2-8FF2-E572740AC57C}.Debug|x64.Build.0 = Debug|x64
		{23239D39-1E07-4DB2-8FF2-E572740AC57C}.Debug|x86.ActiveCfg = Debug|Win32
		{23239D39-1E07-4DB2-8FF2-E572740AC57C}.Debug|x86.Build.0 = Debug|Win32
		{23239D39-1E07-4DB2-8FF2-E572740AC57C}.Release|x64.ActiveCfg = Release|x64
		{23239D39-1E07-4DB2-8FF2-E572740AC57C}.Release|x64.Build.0 = Release|x64
		{23239D39-1E07-4DB2-8FF2-E572740AC57C}.Release|x86.ActiveCfg = Release|Win32
		{23239D39-1E07-4DB2-8FF2-E572740AC57C}.Release|x86.Build.0 = Release|Win32
		{5795C688-654B-46BE-BAD3-A3F0DB1874EF}.Debug|x64.ActiveCfg = Debug|x64
		{5795C688-654B-46BE-BAD3-A3F0DB1874EF}.Debug|x64.Build.0 = Debug|x64
		{5795C688-654B-46BE-BAD3-A3F0DB1874EF}.Debug|x86.ActiveCfg = Debug|Win32
		{5795C688-654B-46BE-BAD3-A3F0DB1874EF}.Debug|x86.Build.0 = Debug|Win32
		{5795C688-654B-46BE-BAD3-A3F0DB1874EF}.Release|x64.ActiveCfg = Release|x64
		{5795C688-654B-46BE-BAD3-A3F0DB1874EF}.Release|x64.Build.0 = Release|x64
		{5795C688-654B-46BE-BAD3-A3F0DB1874EF}.Release|x86.ActiveCfg = Release|Win32
		{5795C688-654B-46BE-BAD3-A3F0DB1874EF}.Release|x86.Build.0 = Release|Win32
		{5FE86DC1-3EE2-4AD1-AA30-917563CA1251}.Debug|x64.ActiveCfg = Debug|x64
		{5FE86DC1-3EE2-4AD1-AA30-917563CA1251}.Debug|x64.Build.0 = Debug|x64
		{5FE86DC1-3EE2-4AD1-AA30-917563CA1251}.Debug|x86.ActiveCfg = Debug|Win32
		{5FE86DC1-3EE2-4AD1-AA30-917563CA1251}.Debug|x86.Build.0 = Debug|Win32
		{5FE86DC1-3EE2-4AD1-AA30-917563CA1251}.Release|x64.ActiveCfg = Release|x64
		{5FE86DC1-3EE2-4AD1-AA30-917563CA1251}.Release|x64.Build.0 = Release|x64
		{5FE86DC1-3EE2-4AD1-AA30-917563CA1251}.Release|x86.ActiveCfg = Release|Win32
		{5FE86DC1-3EE2-4AD1-AA30-917563CA1251}.Release|x86.Build.0 = Release|Win32
		{E08820F5-5636-4BD9-9675-55087361CF68}.Debug|x64.ActiveCfg = Debug|x64
		{E08820F5-5636-4BD9-9675-55087361CF68}.Debug|x64.Build.0 = Debug|x64
		{E08820F5-5636-4BD9-9675-55087361CF68}.Debug|x86.ActiveCfg = Debug|Win32
		{E08820F5-5636-4BD9-9675-55087361CF68}.Debug|x86.Build.0 = Debug|Win32
		{E08820F5-5636-4BD9-9675-55087361CF68}.Release|x64.ActiveCfg = Release|x64
		{E08820F5-5636-4BD9-9675-55087361CF68}.Release|x64.Build.0 = Release|x64
		{E08820F5-5636-4BD9-9675-55087361CF68}.Release|x86.ActiveCfg = Release|Win32
		{E08820F5-5636-4BD9-9675-55087361CF68}.Release|x86.Build.0 = Release|Win32
		{473EE934-5A77-4FAD-920E-9362B7077BB7}.Debug|x64.ActiveCfg = Debug|x64
		{473EE934-5A77-4FAD-920E-9362B7077BB7}.Debug|x64.Build.0 = Debug|x64
		{473EE934-5A77-4FAD-920E-9362B7077BB7}.Debug|x86.ActiveCfg = Debug|Win32
		{473EE934-5A77-4FAD-920E-9362B7077BB7}.Debug|x86.Build.0 = Debug|Win32
		{473EE934-5A77-4FAD-920E-9362B7077BB7}.Release|x64.ActiveCfg = Release|x64
		{473EE934-5A77-4FAD-920E-9362B7077BB7}.Release|x64.Build.0 = Release|x64
		{473EE934-5A77-4FAD-920E-9362B7077BB7}.Release|x86.ActiveCfg = Release|Win32
		{473EE934-5A77-4FAD-920E-9362B7077BB7}.Release|x86.Build.0 = Release|Win32
		{D2408C89-1204-4C7A-AB80-9F80463B7D5D}.Debug|x64.ActiveCfg = Debug|x64
		{D2408C89-1204-4C7A-AB80-9F80463B7D5D}.Debug|x64.Build.0 = Debug|x64
		{D2408C89-1204-4C7A-AB80-9F80463B7D5D}.Debug|x86.ActiveCfg = Debug|Win32
		{D2408C89-1204-4C7A-AB80-9F80463B7D5D}.Debug|x86.Build.0 = Debug|Win32
		{D2408C89-1204-4C7A-AB80-9F80463B7D5D}.Release|x64.ActiveCfg = Release|x64
		{D2408C89-1204-4C7A-AB80-9F80463B7D5D}.Release|x64.Build.0 = Release|x64
		{D2408C89-1204-4C7A-AB80-9F80463B7D5D}.Release|x86.ActiveCfg = Release|Win32
		{D2408C89-1204-4C7A-AB80-9F80463B7D5D}.Release|x86.Build.0 = Release|Win32
		{70F4FB5C-7565-437A-9291-916ACAE5C1F5}.Debug|x64.ActiveCfg = Debug|x64
		{70F4FB5C-7565-437A-9291-916ACAE5C1F5}.Debug|x64.Build.0 = Debug|x64
		{70F4FB5C-7565-437A-9291-916ACAE5C1F5}.Debug|x86.ActiveCfg = Debug|Win32
		{70F4FB5C-7565-437A-9291-916ACAE5C1F5}.Debug|x86.Build.0 = Debug|Win32
		{70F4FB5C-7565-437A-9291-916ACAE5C1F5}.Release|x64.ActiveCfg = Release|x64
		{70F4FB5C-7565-437A-9291-916ACAE5C1F5}.Release|x64.Build.0 = Release|x64
		{70F4FB5C-7565-437A-9291-916ACAE5C1F5}.Release|x86.ActiveCfg = Release|Win32
		{70F4FB5C-7565-437A-9291-916ACAE5C1F5}.Release|x86.Build.0 = Release|Win32
		{A64188D3-E72E-4997-8BDB-A4BCA421CB65}.Debug|x64.ActiveCfg = Debug|x64
		{A64188D3-E72E-4997-8BDB-A4BCA421CB65}.Debug|x64.Build.0 = Debug|x64
		{A64188D3-E72E-4997-8BDB-A4BCA421CB65}.Debug|x86.ActiveCfg = Debug|Win32
		{A64188D3-E72E-4997-8BDB-A4BCA421CB65}.Debug|x86.Build.0 = Debug|Win32
		{A64188D3-E72E-4997-8BDB-A4BCA421CB65}.Release|x64.ActiveCfg = Release|x64
		{A64188D3-E72E-4997-8BDB-A4BCA421CB65}.Release|x64.Build.0 = Release|x64
		{A64188D3-E72E-4997-8BDB-A4BCA421CB65}.Release|x86.ActiveCfg = Release|Win32
		{A64188D3-E72E-4997-8BDB-A4BCA421CB65}.Release|x86.Build.0 = Release|Win32
		{74273EDD-F74B-4D1E-B7DA-8AAA7EAC34A4}.Debug|x64.ActiveCfg = Debug|x64
		{74273EDD-F74B-4D1E-B7DA-8AAA7EAC34A4}.Debug|x64.Build.0 = Debug|x64
		{74273EDD-F74B-4D1E-B7DA-8AAA7EAC34A4}.Debug|x86.ActiveCfg = Debug|Win32
		{74273EDD-F74B-4D1E-B7DA-8AAA7EAC34A4}.Debug|x86.Build.0 = Debug|Win32
		{74273EDD-F74B-4D1E-B7DA-8AAA7EAC34A4}.Release|x64.ActiveCfg = Release|x64
		{74273EDD-F74B-4D1E-B7DA-8AAA7EAC34A4}.Release|x64.Build.0 = Release|x64
		{74273EDD-F74B-4D1E-B7DA-8AAA7EAC34A4}.Release|x86.ActiveCfg = Release|Win32
		{74273EDD-F74B-4D1E-B7DA-8AAA7EAC34A4}.Release|x86.Build.0 = Release|Win32
		{D9EE5204-3F2A-4D34-9486-021B136B2912}.Debug|x64.ActiveCfg = Debug|x64
		{D9EE5204-3F2A-4D34-9486-021B136B2912}.Debug|x64.Build.0 = Debug|x64
		{D9EE5204-3F2A-4D34-9486-021B136B2912}.Debug|x86.ActiveCfg = Debug|Win32
		{D9EE5204-3F2A-4D34-9486-021B136B2912}.Debug|x86.Build.0 = Debug|Win32
		{D9EE5204-3F2A-4D34-9486-021B136B2912}.Release|x64.ActiveCfg = Release|x64
		{D9EE5204-3F2A-4D34-9486-021B136B2912}.Release|x64.Build.0 = Release|x64
		{D9EE5204-3F2A-4D34-9486-021B136B2912}.Release|x86.ActiveCfg = Release|Win32
		{D9EE5204-3F2A-4D34-9486-021B136B2912}.Release|x86.Build.0 = Release|Win32
		{D77430FC-E879-4CFD-9817-E9911834A2D6}.Debug|x64.ActiveCfg = Debug|x64
		{D77430FC-E879-4CFD-9817-E9911834A2D6}.Debug|x64.Build.0 = Debug|x64
		{D77430FC-E879-4CFD-9817-E9911834A2D6}.Debug|x86.ActiveCfg = Debug|Win32
		{D77430FC-E879-4CFD-9817-E9911834A2D6}.Debug|x86.Build.0 = Debug|Win32
		{D77430FC-E879-4CFD-9817-E9911834A2D6}.Release|x64.ActiveCfg = Release|x64
		{D77430FC-E879-4CFD-9817-E9911834A2D6}.Release|x64.Build.0 = Release|x64
		{D77430FC-E879-4CFD-9817-E9911834A2D6}.Release|x86.ActiveCfg = Release|Win32
		{D77430FC-E879-4CFD-9817-E9911834A2D6}.Release|x86.Build.0 = Release|Win32
		{286269FB-0A19-4537-B16F-DD441414A0A3}.Debug|x64.ActiveCfg = Debug|x64
		{286269FB-0A19-4537-B16F-DD441414A0A3}.Debug|x64.Build.0 = Debug|x64
		{286269FB-0A19-4537-B16F-DD441414A0A3}.Debug|x86.ActiveCfg = Debug|Win32
		{286269FB-0A19-4537-B16F-DD441414A0A3}.Debug|x86.Build.0 = Debug|Win32
		{286269FB-0A19-4537-B16F-DD441414A0A3}.Release|x64.ActiveCfg = Release|x64
		{286269FB-0A19-4537-B16F-DD441414A0A3}.Release|x64.Build.0 = Release|x64
		{286269FB-0A19-4537-B16F-DD441414A0A3}.Release|x86.ActiveCfg = Release|Win32
		{286269FB-0A19-4537-B16F-DD441414A0A3}.Release|x86.Build.0 = Release|Win32
		{D04E4A76-4789-4C32-82CE-AE8496CB6E59}.Debug|x64.ActiveCfg = Debug|x64
		{D04E4A76-4789-4C32-82CE-AE8496CB6E59}.Debug|x64.Build.0 = Debug|x64
		{D04E4A76-4789-4C32-82CE-AE8496CB6E59}.Debug|x86.ActiveCfg = Debug|Win32
		{D04E4A76-4789-4C32-82CE-AE8496CB6E59}.Debug|x86.Build.0 = Debug|Win32
		{D04E4A76-4789-4C32-82CE-AE8496CB6E59}.Release|x64.ActiveCfg = Release|x64
		{D04E4A76-4789-4C32-82CE-AE8496CB6E59}.Release|x64.Build.0 = Release|x64
		{D04E4A76-4789-4C32-82CE-AE8496CB6E59}.Release|x86.ActiveCfg = Release|Win32
		{D04E4A76-4789-4C32-82CE-AE8496CB6E59}.Release|x86.Build.0 = Release|Win32
		{20C13E6E-9F53-4811-A933-51497888FF97}.Debug|x64.ActiveCfg = Debug|x64
		{20C13E6E-9F53-4811-A933-51497888FF97}.Debug|x64.Build.0 = Debug|x64
		{20C13E6E-9F53-4811-A933-51497888FF97}.Debug|x86.ActiveCfg = Debug|Win32
		{20C13E6E-9F53-4811-A933-51497888FF97}.Debug|x86.Build.0 = Debug|Win32
		{20C13E6E-9F53-4811-A933-51497888FF97}.Release|x64.ActiveCfg = Release|x64
		{20C13E6E-9F53-4811-A933-51497888FF97}.Release|x64.Build.0 = Release|x64
		{20C13E6E-9F53-4811-A933-51497888FF97}.Release|x86.ActiveCfg = Release|Win32
		{20C13E6E-9F53-4811-A933-51497888FF97}.Release|x86.Build.0 = Release|Win32
		{A2BD662B-C259-49B2-811F-50C92D8465DD}.Debug|x64.ActiveCfg = Debug|x64
		{A2BD662B-C259-49B2-811F-50C92D8465DD}.Debug|x64.Build.0 = Debug|x64
		{A2BD662B-C259-49B2-811F-50C92D8465DD}.Debug|x86.ActiveCfg = Debug|Win32
		{A2BD662B-C259-49B2-811F-50C92D8465DD}.Debug|x86.Build.0 = Debug|Win32
		{A2BD662B-C259-49B2-811F-50C92D8465DD}.Release|x64.ActiveCfg = Release|x64
		{A2BD662B-C259-49B2-811F-50C92D8465DD}.Release|x64.Build.0 = Release|x64
		{A2BD662B-C259-49B2-811F-50C92D8465DD}.Release|x86.ActiveCfg = Release|Win32
		{A2BD662B-C259-49B2-811F-50C92D8465DD}.Release|x86.Build.0 = Release|Win32
		{29126356-F0EC-49D5-8D4A-36C9CCA24890}.Debug|x64.ActiveCfg = Debug|x64
		{29126356-F0EC-49D5-8D4A-36C9CCA24890}.Debug|x64.Build.0 = Debug|x64
		{29126356-F0EC-49D5-8D4A-36C9CCA24890}.Debug|x86.ActiveCfg = Debug|Win32
		{29126356-F0EC-49D5-8D4A-36C9CCA24890}.Debug|x86.Build.0 = Debug|Win32
		{29126356-F0EC-49D5-8D4A-36C9CCA24890}.Release|x64.ActiveCfg = Release|x64
		{29126356-F0EC-49D5-8D4A-36C9CCA24890}.Release|x64.Build.0 = Release|x64
		{29126356-F0EC-49D5-8D4A-36C9CCA24890}.Release|x86.ActiveCfg = Release|Win32
		{29126356-F0EC-49D5-8D4A-36C9CCA24890}.Release|x86.Build.0 = Release|Win32
		{EECFCC35-088F-4367-A3CE-7C17E6940EA7}.Debug|x64.ActiveCfg = Debug|x64
		{EECFCC35-088F-4367-A3CE-7C17E6940EA7}.Debug|x64.Build.0 = Debug|x64
		{EECFCC35-088F-4367-A3CE-7C17E6940EA7}.Debug|x86.ActiveCfg = Debug|Win32
		{EECFCC35-088F-4367-A3CE-7C17E6940EA7}.Debug|x86.Build.0 = Debug|Win32
		{EECFCC35-088F-4367-A3CE-7C17E6940EA7}.Release|x64.ActiveCfg = Release|x64
		{EECFCC35-088F-4367-A3CE-7C17E6940EA7}.Release|x64.Build.0 = Release|x64
		{EECFCC35-088F-4367-A3CE-7C17E6940EA7}.Release|x86.ActiveCfg = Release|Win32
		{EECFCC35-088F-4367-A3CE-7C17E6940EA7}.Release|x86.Build.0 = Release|Win32
		{8E552560-9C00-4583-86BB-D4191A31BBB2}.Debug|x64.ActiveCfg = Debug|x64
		{8E552560-9C00-4583-86BB-D4191A31BBB2}.Debug|x64.Build.0 = Debug|x64
		{8E552560-9C00-4583-86BB-D4191A31BBB2}.Debug|x86.ActiveCfg = Debug|Win32
		{8E552560-9C00-4583-86BB-D4191A31BBB2}.Debug|x86.Build.0 = Debug|Win32
		{8E552560-9C00-4583-86BB-D4191A31BBB2}.Release|x64.ActiveCfg = Release|x64
		{8E552560-9C00-4583-86BB-D4191A31BBB2}.Release|x64.Build.0 = Release|x64
		{8E552560-9C00-4583-86BB-D4191A31BBB2}.Release|x86.ActiveCfg = Release|Win32
		{8E552560-9C00-4583-86BB-D4191A31BBB2}.Release|x86.Build.0 = Release|Win32
	EndGlobalSection
	GlobalSection(SolutionProperties) = preSolution
		HideSolutionNode = FALSE
	EndGlobalSection
	GlobalSection(NestedProjects) = preSolution
		{BCAF686B-FBF2-4760-8368-0567DC921AB8} = {CB7E1B3D-E538-4CB3-B406-760D702F1072}
		{23239D39-1E07-4DB2-8FF2-E572740AC57C} = {CB7E1B3D-E538-4CB3-B406-760D702F1072}
		{CB7E1B3D-E538-4CB3-B406-760D702F1072} = {89906F41-F36F-4200-A44B-31D6C19F9E5F}
		{68543FF1-D100-4D0E-9540-42CD69F84F09} = {89906F41-F36F-4200-A44B-31D6C19F9E5F}
		{5795C688-654B-46BE-BAD3-A3F0DB1874EF} = {68543FF1-D100-4D0E-9540-42CD69F84F09}
		{5FE86DC1-3EE2-4AD1-AA30-917563CA1251} = {68543FF1-D100-4D0E-9540-42CD69F84F09}
		{E08820F5-5636-4BD9-9675-55087361CF68} = {68543FF1-D100-4D0E-9540-42CD69F84F09}
		{473EE934-5A77-4FAD-920E-9362B7077BB7} = {68543FF1-D100-4D0E-9540-42CD69F84F09}
		{337C5862-B890-47F7-8C7A-9B82E4C4118C} = {89906F41-F36F-4200-A44B-31D6C19F9E5F}
		{D2408C89-1204-4C7A-AB80-9F80463B7D5D} = {337C5862-B890-47F7-8C7A-9B82E4C4118C}
		{70F4FB5C-7565-437A-9291-916ACAE5C1F5} = {337C5862-B890-47F7-8C7A-9B82E4C4118C}
		{8670A4AD-3460-4E0B-A5C2-6BD9FBE6A6C2} = {89906F41-F36F-4200-A44B-31D6C19F9E5F}
		{A64188D3-E72E-4997-8BDB-A4BCA421CB65} = {8670A4AD-3460-4E0B-A5C2-6BD9FBE6A6C2}
		{A9A7CB45-34C8-40A0-9D9B-13AAFEA92F00} = {89906F41-F36F-4200-A44B-31D6C19F9E5F}
		{74273EDD-F74B-4D1E-B7DA-8AAA7EAC34A4} = {A9A7CB45-34C8-40A0-9D9B-13AAFEA92F00}
		{7DB6C772-728E-41A0-8F97-116DECD08154} = {89906F41-F36F-4200-A44B-31D6C19F9E5F}
		{D9EE5204-3F2A-4D34-9486-021B136B2912} = {7DB6C772-728E-41A0-8F97-116DECD08154}
		{D77430FC-E879-4CFD-9817-E9911834A2D6} = {7DB6C772-728E-41A0-8F97-116DECD08154}
		{286269FB-0A19-4537-B16F-DD441414A0A3} = {7DB6C772-728E-41A0-8F97-116DECD08154}
		{D04E4A76-4789-4C32-82CE-AE8496CB6E59} = {7DB6C772-728E-41A0-8F97-116DECD08154}
		{20C13E6E-9F53-4811-A933-51497888FF97} = {7DB6C772-728E-41A0-8F97-116DECD08154}
		{A2BD662B-C259-49B2-811F-50C92D8465DD} = {8162C272-5E03-4E7D-BBA1-CF5F2B557655}
		{8162C272-5E03-4E7D-BBA1-CF5F2B557655} = {F4893803-06C5-4D7C-A336-1FEA7A29FB63}
		{E2CD83B9-83A2-4C86-A481-3D6C3E233E9B} = {F4893803-06C5-4D7C-A336-1FEA7A29FB63}
		{29126356-F0EC-49D5-8D4A-36C9CCA24890} = {E2CD83B9-83A2-4C86-A481-3D6C3E233E9B}
		{EECFCC35-088F-4367-A3CE-7C17E6940EA7} = {E2CD83B9-83A2-4C86-A481-3D6C3E233E9B}
		{8E552560-9C00-4583-86BB-D4191A31BBB2} = {E2CD83B9-83A2-4C86-A481-3D6C3E233E9B}
	EndGlobalSection
	GlobalSection(ExtensibilityGlobals) = postSolution
		SolutionGuid = {EC52CA19-2E71-4B24-A22D-395CD0BC76FD}
	EndGlobalSection
EndGlobal
