
Microsoft Visual Studio Solution File, Format Version 12.00
# Visual Studio Version 17
VisualStudioVersion = 17.7.34024.191
MinimumVisualStudioVersion = 10.0.40219.1
Project("{8BC9CEB8-8B4A-11D0-8D11-00A0C91BC942}") = "firstconsolapplication", "firstconsolapplication.vcxproj", "{A8DEF3EF-9228-4655-A729-69770C3E5EB8}"
EndProject
Project("{8BC9CEB8-8B4A-11D0-8D11-00A0C91BC942}") = "ConsoleApplication1", "..\ConsoleApplication1\ConsoleApplication1.vcxproj", "{5380FCF7-B5BE-4142-A122-93E06AD4F63A}"
EndProject
Project("{8BC9CEB8-8B4A-11D0-8D11-00A0C91BC942}") = "variableConsoleApplication", "..\variableConsoleApplication\variableConsoleApplication.vcxproj", "{9C12289F-7CF3-4DDF-936B-ACF45EDC3D17}"
EndProject
Project("{2150E333-8FDC-42A3-9474-1A3956D46DE8}") = "01 podstawy", "01 podstawy", "{3E5AD768-0B56-406D-A292-45DA041EFDD0}"
EndProject
Project("{2150E333-8FDC-42A3-9474-1A3956D46DE8}") = "02 instrukcje decyzyjne", "02 instrukcje decyzyjne", "{90536865-A5C5-4540-8666-557786AA7C64}"
EndProject
Project("{8BC9CEB8-8B4A-11D0-8D11-00A0C91BC942}") = "instruction If ConsoleApplication2", "..\instruction If ConsoleApplication2\instruction If ConsoleApplication2.vcxproj", "{3107B80D-FE0B-4DC0-8E62-557656283F13}"
EndProject
Project("{8BC9CEB8-8B4A-11D0-8D11-00A0C91BC942}") = "LoopWhileConsoleApplication", "..\LoopWhileConsoleApplication\LoopWhileConsoleApplication.vcxproj", "{BA300AF8-2E33-4DD3-A17B-6FD48F8C935E}"
EndProject
Project("{8BC9CEB8-8B4A-11D0-8D11-00A0C91BC942}") = "LoopDoWhileConsoleApplication", "..\LoopDoWhileConsoleApplication\LoopDoWhileConsoleApplication.vcxproj", "{D621A067-BC06-4920-BD25-849A19A0CE20}"
EndProject
Global
	GlobalSection(SolutionConfigurationPlatforms) = preSolution
		Debug|Any CPU = Debug|Any CPU
		Debug|x64 = Debug|x64
		Debug|x86 = Debug|x86
		Release|Any CPU = Release|Any CPU
		Release|x64 = Release|x64
		Release|x86 = Release|x86
	EndGlobalSection
	GlobalSection(ProjectConfigurationPlatforms) = postSolution
		{A8DEF3EF-9228-4655-A729-69770C3E5EB8}.Debug|Any CPU.ActiveCfg = Debug|x64
		{A8DEF3EF-9228-4655-A729-69770C3E5EB8}.Debug|Any CPU.Build.0 = Debug|x64
		{A8DEF3EF-9228-4655-A729-69770C3E5EB8}.Debug|x64.ActiveCfg = Debug|x64
		{A8DEF3EF-9228-4655-A729-69770C3E5EB8}.Debug|x64.Build.0 = Debug|x64
		{A8DEF3EF-9228-4655-A729-69770C3E5EB8}.Debug|x86.ActiveCfg = Debug|Win32
		{A8DEF3EF-9228-4655-A729-69770C3E5EB8}.Debug|x86.Build.0 = Debug|Win32
		{A8DEF3EF-9228-4655-A729-69770C3E5EB8}.Release|Any CPU.ActiveCfg = Release|x64
		{A8DEF3EF-9228-4655-A729-69770C3E5EB8}.Release|Any CPU.Build.0 = Release|x64
		{A8DEF3EF-9228-4655-A729-69770C3E5EB8}.Release|x64.ActiveCfg = Release|x64
		{A8DEF3EF-9228-4655-A729-69770C3E5EB8}.Release|x64.Build.0 = Release|x64
		{A8DEF3EF-9228-4655-A729-69770C3E5EB8}.Release|x86.ActiveCfg = Release|Win32
		{A8DEF3EF-9228-4655-A729-69770C3E5EB8}.Release|x86.Build.0 = Release|Win32
		{5380FCF7-B5BE-4142-A122-93E06AD4F63A}.Debug|Any CPU.ActiveCfg = Debug|x64
		{5380FCF7-B5BE-4142-A122-93E06AD4F63A}.Debug|Any CPU.Build.0 = Debug|x64
		{5380FCF7-B5BE-4142-A122-93E06AD4F63A}.Debug|x64.ActiveCfg = Debug|x64
		{5380FCF7-B5BE-4142-A122-93E06AD4F63A}.Debug|x64.Build.0 = Debug|x64
		{5380FCF7-B5BE-4142-A122-93E06AD4F63A}.Debug|x86.ActiveCfg = Debug|Win32
		{5380FCF7-B5BE-4142-A122-93E06AD4F63A}.Debug|x86.Build.0 = Debug|Win32
		{5380FCF7-B5BE-4142-A122-93E06AD4F63A}.Release|Any CPU.ActiveCfg = Release|x64
		{5380FCF7-B5BE-4142-A122-93E06AD4F63A}.Release|Any CPU.Build.0 = Release|x64
		{5380FCF7-B5BE-4142-A122-93E06AD4F63A}.Release|x64.ActiveCfg = Release|x64
		{5380FCF7-B5BE-4142-A122-93E06AD4F63A}.Release|x64.Build.0 = Release|x64
		{5380FCF7-B5BE-4142-A122-93E06AD4F63A}.Release|x86.ActiveCfg = Release|Win32
		{5380FCF7-B5BE-4142-A122-93E06AD4F63A}.Release|x86.Build.0 = Release|Win32
		{9C12289F-7CF3-4DDF-936B-ACF45EDC3D17}.Debug|Any CPU.ActiveCfg = Debug|x64
		{9C12289F-7CF3-4DDF-936B-ACF45EDC3D17}.Debug|Any CPU.Build.0 = Debug|x64
		{9C12289F-7CF3-4DDF-936B-ACF45EDC3D17}.Debug|x64.ActiveCfg = Debug|x64
		{9C12289F-7CF3-4DDF-936B-ACF45EDC3D17}.Debug|x64.Build.0 = Debug|x64
		{9C12289F-7CF3-4DDF-936B-ACF45EDC3D17}.Debug|x86.ActiveCfg = Debug|Win32
		{9C12289F-7CF3-4DDF-936B-ACF45EDC3D17}.Debug|x86.Build.0 = Debug|Win32
		{9C12289F-7CF3-4DDF-936B-ACF45EDC3D17}.Release|Any CPU.ActiveCfg = Release|x64
		{9C12289F-7CF3-4DDF-936B-ACF45EDC3D17}.Release|Any CPU.Build.0 = Release|x64
		{9C12289F-7CF3-4DDF-936B-ACF45EDC3D17}.Release|x64.ActiveCfg = Release|x64
		{9C12289F-7CF3-4DDF-936B-ACF45EDC3D17}.Release|x64.Build.0 = Release|x64
		{9C12289F-7CF3-4DDF-936B-ACF45EDC3D17}.Release|x86.ActiveCfg = Release|Win32
		{9C12289F-7CF3-4DDF-936B-ACF45EDC3D17}.Release|x86.Build.0 = Release|Win32
		{3107B80D-FE0B-4DC0-8E62-557656283F13}.Debug|Any CPU.ActiveCfg = Debug|x64
		{3107B80D-FE0B-4DC0-8E62-557656283F13}.Debug|Any CPU.Build.0 = Debug|x64
		{3107B80D-FE0B-4DC0-8E62-557656283F13}.Debug|x64.ActiveCfg = Debug|x64
		{3107B80D-FE0B-4DC0-8E62-557656283F13}.Debug|x64.Build.0 = Debug|x64
		{3107B80D-FE0B-4DC0-8E62-557656283F13}.Debug|x86.ActiveCfg = Debug|Win32
		{3107B80D-FE0B-4DC0-8E62-557656283F13}.Debug|x86.Build.0 = Debug|Win32
		{3107B80D-FE0B-4DC0-8E62-557656283F13}.Release|Any CPU.ActiveCfg = Release|x64
		{3107B80D-FE0B-4DC0-8E62-557656283F13}.Release|Any CPU.Build.0 = Release|x64
		{3107B80D-FE0B-4DC0-8E62-557656283F13}.Release|x64.ActiveCfg = Release|x64
		{3107B80D-FE0B-4DC0-8E62-557656283F13}.Release|x64.Build.0 = Release|x64
		{3107B80D-FE0B-4DC0-8E62-557656283F13}.Release|x86.ActiveCfg = Release|Win32
		{3107B80D-FE0B-4DC0-8E62-557656283F13}.Release|x86.Build.0 = Release|Win32
		{BA300AF8-2E33-4DD3-A17B-6FD48F8C935E}.Debug|Any CPU.ActiveCfg = Debug|x64
		{BA300AF8-2E33-4DD3-A17B-6FD48F8C935E}.Debug|Any CPU.Build.0 = Debug|x64
		{BA300AF8-2E33-4DD3-A17B-6FD48F8C935E}.Debug|x64.ActiveCfg = Debug|x64
		{BA300AF8-2E33-4DD3-A17B-6FD48F8C935E}.Debug|x64.Build.0 = Debug|x64
		{BA300AF8-2E33-4DD3-A17B-6FD48F8C935E}.Debug|x86.ActiveCfg = Debug|Win32
		{BA300AF8-2E33-4DD3-A17B-6FD48F8C935E}.Debug|x86.Build.0 = Debug|Win32
		{BA300AF8-2E33-4DD3-A17B-6FD48F8C935E}.Release|Any CPU.ActiveCfg = Release|x64
		{BA300AF8-2E33-4DD3-A17B-6FD48F8C935E}.Release|Any CPU.Build.0 = Release|x64
		{BA300AF8-2E33-4DD3-A17B-6FD48F8C935E}.Release|x64.ActiveCfg = Release|x64
		{BA300AF8-2E33-4DD3-A17B-6FD48F8C935E}.Release|x64.Build.0 = Release|x64
		{BA300AF8-2E33-4DD3-A17B-6FD48F8C935E}.Release|x86.ActiveCfg = Release|Win32
		{BA300AF8-2E33-4DD3-A17B-6FD48F8C935E}.Release|x86.Build.0 = Release|Win32
		{D621A067-BC06-4920-BD25-849A19A0CE20}.Debug|Any CPU.ActiveCfg = Debug|x64
		{D621A067-BC06-4920-BD25-849A19A0CE20}.Debug|Any CPU.Build.0 = Debug|x64
		{D621A067-BC06-4920-BD25-849A19A0CE20}.Debug|x64.ActiveCfg = Debug|x64
		{D621A067-BC06-4920-BD25-849A19A0CE20}.Debug|x64.Build.0 = Debug|x64
		{D621A067-BC06-4920-BD25-849A19A0CE20}.Debug|x86.ActiveCfg = Debug|Win32
		{D621A067-BC06-4920-BD25-849A19A0CE20}.Debug|x86.Build.0 = Debug|Win32
		{D621A067-BC06-4920-BD25-849A19A0CE20}.Release|Any CPU.ActiveCfg = Release|x64
		{D621A067-BC06-4920-BD25-849A19A0CE20}.Release|Any CPU.Build.0 = Release|x64
		{D621A067-BC06-4920-BD25-849A19A0CE20}.Release|x64.ActiveCfg = Release|x64
		{D621A067-BC06-4920-BD25-849A19A0CE20}.Release|x64.Build.0 = Release|x64
		{D621A067-BC06-4920-BD25-849A19A0CE20}.Release|x86.ActiveCfg = Release|Win32
		{D621A067-BC06-4920-BD25-849A19A0CE20}.Release|x86.Build.0 = Release|Win32
	EndGlobalSection
	GlobalSection(SolutionProperties) = preSolution
		HideSolutionNode = FALSE
	EndGlobalSection
	GlobalSection(NestedProjects) = preSolution
		{A8DEF3EF-9228-4655-A729-69770C3E5EB8} = {3E5AD768-0B56-406D-A292-45DA041EFDD0}
		{5380FCF7-B5BE-4142-A122-93E06AD4F63A} = {3E5AD768-0B56-406D-A292-45DA041EFDD0}
		{9C12289F-7CF3-4DDF-936B-ACF45EDC3D17} = {3E5AD768-0B56-406D-A292-45DA041EFDD0}
		{3107B80D-FE0B-4DC0-8E62-557656283F13} = {90536865-A5C5-4540-8666-557786AA7C64}
		{BA300AF8-2E33-4DD3-A17B-6FD48F8C935E} = {90536865-A5C5-4540-8666-557786AA7C64}
		{D621A067-BC06-4920-BD25-849A19A0CE20} = {90536865-A5C5-4540-8666-557786AA7C64}
	EndGlobalSection
	GlobalSection(ExtensibilityGlobals) = postSolution
		SolutionGuid = {31F33790-96C0-4A14-BE72-2566BDE29C30}
	EndGlobalSection
EndGlobal
